
Microsoft Visual Studio Solution File, Format Version 12.00
# Visual Studio Version 16
VisualStudioVersion = 16.0.34114.132
MinimumVisualStudioVersion = 10.0.40219.1
Project("{D2ABAB84-BF74-430A-B69E-9DC6D40DDA17}") = "sffd_cube", "sffd_cube.dwproj", "{53614C3B-F963-4F14-BB3D-1AC3001310D9}"
EndProject
Global
	GlobalSection(SolutionConfigurationPlatforms) = preSolution
		Development|Default = Development|Default
	EndGlobalSection
	GlobalSection(ProjectConfigurationPlatforms) = postSolution
		{53614C3B-F963-4F14-BB3D-1AC3001310D9}.Development|Default.ActiveCfg = Development
		{53614C3B-F963-4F14-BB3D-1AC3001310D9}.Development|Default.Build.0 = Development
		{53614C3B-F963-4F14-BB3D-1AC3001310D9}.Development|Default.Deploy.0 = Development
	EndGlobalSection
	GlobalSection(SolutionProperties) = preSolution
		HideSolutionNode = FALSE
	EndGlobalSection
	GlobalSection(ExtensibilityGlobals) = postSolution
		SolutionGuid = {A5629DEC-5B87-438C-9582-3C47702887F9}
	EndGlobalSection
EndGlobal
